
Microsoft Visual Studio Solution File, Format Version 12.00
# Visual Studio Version 16
VisualStudioVersion = 16.0.30011.22
MinimumVisualStudioVersion = 10.0.40219.1
Project("{FAE04EC0-301F-11D3-BF4B-00C04F79EFBC}") = "BuildingBlock.Specification", "BuildingBlock.Specification\BuildingBlock.Specification.csproj", "{B411E7C0-63C2-48BD-BABE-C394844E393E}"
EndProject
Project("{FAE04EC0-301F-11D3-BF4B-00C04F79EFBC}") = "BuildingBlock.Specification.UnitTests", "BuildingBlock.Specification.UnitTests\BuildingBlock.Specification.UnitTests.csproj", "{BAB0D45D-6E99-4F49-A50D-A5789ACA1014}"
EndProject
Global
	GlobalSection(SolutionConfigurationPlatforms) = preSolution
		Debug|Any CPU = Debug|Any CPU
		Release|Any CPU = Release|Any CPU
	EndGlobalSection
	GlobalSection(ProjectConfigurationPlatforms) = postSolution
		{B411E7C0-63C2-48BD-BABE-C394844E393E}.Debug|Any CPU.ActiveCfg = Debug|Any CPU
		{B411E7C0-63C2-48BD-BABE-C394844E393E}.Debug|Any CPU.Build.0 = Debug|Any CPU
		{B411E7C0-63C2-48BD-BABE-C394844E393E}.Release|Any CPU.ActiveCfg = Release|Any CPU
		{B411E7C0-63C2-48BD-BABE-C394844E393E}.Release|Any CPU.Build.0 = Release|Any CPU
		{BAB0D45D-6E99-4F49-A50D-A5789ACA1014}.Debug|Any CPU.ActiveCfg = Debug|Any CPU
		{BAB0D45D-6E99-4F49-A50D-A5789ACA1014}.Debug|Any CPU.Build.0 = Debug|Any CPU
		{BAB0D45D-6E99-4F49-A50D-A5789ACA1014}.Release|Any CPU.ActiveCfg = Release|Any CPU
		{BAB0D45D-6E99-4F49-A50D-A5789ACA1014}.Release|Any CPU.Build.0 = Release|Any CPU
	EndGlobalSection
	GlobalSection(SolutionProperties) = preSolution
		HideSolutionNode = FALSE
	EndGlobalSection
	GlobalSection(ExtensibilityGlobals) = postSolution
		SolutionGuid = {8694F46A-6F16-43AB-8408-04273C45D92C}
	EndGlobalSection
EndGlobal
